
Microsoft Visual Studio Solution File, Format Version 12.00
Project("{FAE04EC0-301F-11D3-BF4B-00C04F79EFBC}") = "RomanNumberConverter", "RomanNumberConverter\RomanNumberConverter.csproj", "{68C3A63E-EEFB-4F5C-B70E-FF3E95D85FC2}"
EndProject
Project("{FAE04EC0-301F-11D3-BF4B-00C04F79EFBC}") = "Tests", "Tests\Tests.csproj", "{0A9CB5EC-3569-4841-9446-E9D2E839AFFF}"
EndProject
Global
	GlobalSection(SolutionConfigurationPlatforms) = preSolution
		Debug|Any CPU = Debug|Any CPU
		Release|Any CPU = Release|Any CPU
	EndGlobalSection
	GlobalSection(ProjectConfigurationPlatforms) = postSolution
		{68C3A63E-EEFB-4F5C-B70E-FF3E95D85FC2}.Debug|Any CPU.ActiveCfg = Debug|Any CPU
		{68C3A63E-EEFB-4F5C-B70E-FF3E95D85FC2}.Debug|Any CPU.Build.0 = Debug|Any CPU
		{68C3A63E-EEFB-4F5C-B70E-FF3E95D85FC2}.Release|Any CPU.ActiveCfg = Release|Any CPU
		{68C3A63E-EEFB-4F5C-B70E-FF3E95D85FC2}.Release|Any CPU.Build.0 = Release|Any CPU
		{0A9CB5EC-3569-4841-9446-E9D2E839AFFF}.Debug|Any CPU.ActiveCfg = Debug|Any CPU
		{0A9CB5EC-3569-4841-9446-E9D2E839AFFF}.Debug|Any CPU.Build.0 = Debug|Any CPU
		{0A9CB5EC-3569-4841-9446-E9D2E839AFFF}.Release|Any CPU.ActiveCfg = Release|Any CPU
		{0A9CB5EC-3569-4841-9446-E9D2E839AFFF}.Release|Any CPU.Build.0 = Release|Any CPU
	EndGlobalSection
EndGlobal
